github.com/nndergunov/deliveryApp/app/pkg/api v0.0.0-20220516080600-4954ce51ac52 h1:bizBXNyUh9cDolPemzAsZ52iFVBIJ8LnierExBG6t9U=
github.com/nndergunov/deliveryApp/app/pkg/api v0.0.0-20220516080600-4954ce51ac52/go.mod h1:Ctf+Q3dmfpQ5LOblpMlyVSAo1Cd/QVs06XPaB4AcRhQ=
github.com/streadway/amqp v1.0.0 h1:kuuDrUJFZL1QYL9hUNuCxNObNzB0bV/ZG5jV3RWAQgo=
github.com/streadway/amqp v1.0.0/go.mod h1:AZpEONHx3DKn8O/DFsRAY58/XVQiIPMTMB1SddzLXVw=
